
Microsoft Visual Studio Solution File, Format Version 12.00
# Visual Studio Version 16
VisualStudioVersion = 16.0.31515.178
MinimumVisualStudioVersion = 10.0.40219.1
Project("{FAE04EC0-301F-11D3-BF4B-00C04F79EFBC}") = "HorseRaseApplicationBackend", "HorseRaseApplicationBackend\HorseRaseApplicationBackend.csproj", "{741134D7-D9FE-42CE-BC36-56DB5F842CA1}"
EndProject
Global
	GlobalSection(SolutionConfigurationPlatforms) = preSolution
		Debug|Any CPU = Debug|Any CPU
		Release|Any CPU = Release|Any CPU
	EndGlobalSection
	GlobalSection(ProjectConfigurationPlatforms) = postSolution
		{741134D7-D9FE-42CE-BC36-56DB5F842CA1}.Debug|Any CPU.ActiveCfg = Debug|Any CPU
		{741134D7-D9FE-42CE-BC36-56DB5F842CA1}.Debug|Any CPU.Build.0 = Debug|Any CPU
		{741134D7-D9FE-42CE-BC36-56DB5F842CA1}.Release|Any CPU.ActiveCfg = Release|Any CPU
		{741134D7-D9FE-42CE-BC36-56DB5F842CA1}.Release|Any CPU.Build.0 = Release|Any CPU
	EndGlobalSection
	GlobalSection(SolutionProperties) = preSolution
		HideSolutionNode = FALSE
	EndGlobalSection
	GlobalSection(ExtensibilityGlobals) = postSolution
		SolutionGuid = {FBE1E93C-A193-4E5C-8C32-ED74EE9FF693}
	EndGlobalSection
EndGlobal
